lockfileVersion: '9.0'

settings:
  autoInstallPeers: true
  excludeLinksFromLockfile: false

importers:

  .:
    dependencies:
      '@lumphammer/investigator-fvtt-types':
        specifier: github:n3dst4/investigator-fvtt-types#cards-support-types
        version: git+https://git@github.com:n3dst4/investigator-fvtt-types.git#60a416b50644449e7b9bd0629079c47fda46eb6e
      react:
        specifier: '18'
        version: 18.3.1

packages:

  '@lumphammer/investigator-fvtt-types@git+https://git@github.com:n3dst4/investigator-fvtt-types.git#60a416b50644449e7b9bd0629079c47fda46eb6e':
    resolution: {commit: 60a416b50644449e7b9bd0629079c47fda46eb6e, repo: git@github.com:n3dst4/investigator-fvtt-types.git, type: git}
    version: 1.14.0-alpha.2

  js-tokens@4.0.0:
    resolution: {integrity: sha512-RdJUflcE3cUzKiMqQgsCu06FPu9UdIJO0beYbPhHN4k6apgJtifcoCtT9bcxOpYBtpD2kCM6Sbzg4CausW/PKQ==}

  loose-envify@1.4.0:
    resolution: {integrity: sha512-lyuxPGr/Wfhrlem2CL/UcnUc1zcqKAImBDzukY7Y5F/yQiNdko6+fRLevlw1HgMySw7f611UIY408EtxRSoK3Q==}
    hasBin: true

  react@18.3.1:
    resolution: {integrity: sha512-wS+hAgJShR0KhEvPJArfuPVN1+Hz1t0Y6n5jLrGQbkb4urgPE/0Rve+1kMB1v/oWgHgm4WIcV+i7F2pTVj+2iQ==}
    engines: {node: '>=0.10.0'}

snapshots:

  '@lumphammer/investigator-fvtt-types@git+https://git@github.com:n3dst4/investigator-fvtt-types.git#60a416b50644449e7b9bd0629079c47fda46eb6e': {}

  js-tokens@4.0.0: {}

  loose-envify@1.4.0:
    dependencies:
      js-tokens: 4.0.0

  react@18.3.1:
    dependencies:
      loose-envify: 1.4.0
