lockfileVersion: '9.0'

settings:
  autoInstallPeers: true
  excludeLinksFromLockfile: false

importers:

  .:
    dependencies:
      '@lumphammer/investigator-fvtt-types':
        specifier: github:n3dst4/investigator-fvtt-types#cards-support-types
        version: git+https://git@github.com:n3dst4/investigator-fvtt-types.git#60a416b50644449e7b9bd0629079c47fda46eb6e
      react:
        specifier: '19'
        version: 19.0.0

packages:

  '@lumphammer/investigator-fvtt-types@git+https://git@github.com:n3dst4/investigator-fvtt-types.git#60a416b50644449e7b9bd0629079c47fda46eb6e':
    resolution: {commit: 60a416b50644449e7b9bd0629079c47fda46eb6e, repo: git@github.com:n3dst4/investigator-fvtt-types.git, type: git}
    version: 1.14.0-alpha.2

  react@19.0.0:
    resolution: {integrity: sha512-V8AVnmPIICiWpGfm6GLzCR/W5FXLchHop40W4nXBmdlEceh16rCN8O8LNWm5bh5XUX91fh7KpA+W0TgMKmgTpQ==}
    engines: {node: '>=0.10.0'}

snapshots:

  '@lumphammer/investigator-fvtt-types@git+https://git@github.com:n3dst4/investigator-fvtt-types.git#60a416b50644449e7b9bd0629079c47fda46eb6e': {}

  react@19.0.0: {}
