lockfileVersion: '9.0'

settings:
  autoInstallPeers: true
  excludeLinksFromLockfile: false

importers:

  .:
    dependencies:
      '@lumphammer/investigator-fvtt-types':
        specifier: github:n3dst4/investigator-fvtt-types#cards-support-types
        version: https://codeload.github.com/n3dst4/investigator-fvtt-types/tar.gz/60a416b50644449e7b9bd0629079c47fda46eb6e
      react:
        specifier: '19'
        version: 19.1.0

packages:

  '@lumphammer/investigator-fvtt-types@https://codeload.github.com/n3dst4/investigator-fvtt-types/tar.gz/60a416b50644449e7b9bd0629079c47fda46eb6e':
    resolution: {tarball: https://codeload.github.com/n3dst4/investigator-fvtt-types/tar.gz/60a416b50644449e7b9bd0629079c47fda46eb6e}
    version: 1.14.0-alpha.2

  react@19.1.0:
    resolution: {integrity: sha512-FS+XFBNvn3GTAWq26joslQgWNoFu08F4kl0J4CgdNKADkdSGXQyTCnKteIAJy96Br6YbpEU1LSzV5dYtjMkMDg==}
    engines: {node: '>=0.10.0'}

snapshots:

  '@lumphammer/investigator-fvtt-types@https://codeload.github.com/n3dst4/investigator-fvtt-types/tar.gz/60a416b50644449e7b9bd0629079c47fda46eb6e': {}

  react@19.1.0: {}
